
Microsoft Visual Studio Solution File, Format Version 12.00
# Visual Studio Version 17
VisualStudioVersion = 17.6.33829.357
MinimumVisualStudioVersion = 10.0.40219.1
Project("{FAE04EC0-301F-11D3-BF4B-00C04F79EFBC}") = "Zar_Atma_Oyunu", "Zar_Atma_Oyunu\Zar_Atma_Oyunu.csproj", "{0B8F3E68-B84B-421F-84C2-D8FF0E6BA168}"
EndProject
Global
	GlobalSection(SolutionConfigurationPlatforms) = preSolution
		Debug|Any CPU = Debug|Any CPU
		Release|Any CPU = Release|Any CPU
	EndGlobalSection
	GlobalSection(ProjectConfigurationPlatforms) = postSolution
		{0B8F3E68-B84B-421F-84C2-D8FF0E6BA168}.Debug|Any CPU.ActiveCfg = Debug|Any CPU
		{0B8F3E68-B84B-421F-84C2-D8FF0E6BA168}.Debug|Any CPU.Build.0 = Debug|Any CPU
		{0B8F3E68-B84B-421F-84C2-D8FF0E6BA168}.Release|Any CPU.ActiveCfg = Release|Any CPU
		{0B8F3E68-B84B-421F-84C2-D8FF0E6BA168}.Release|Any CPU.Build.0 = Release|Any CPU
	EndGlobalSection
	GlobalSection(SolutionProperties) = preSolution
		HideSolutionNode = FALSE
	EndGlobalSection
	GlobalSection(ExtensibilityGlobals) = postSolution
		SolutionGuid = {999025FD-92EC-479B-81B9-E0686B5E7915}
	EndGlobalSection
EndGlobal
